
Microsoft Visual Studio Solution File, Format Version 12.00
# Visual Studio Version 17
VisualStudioVersion = 17.13.35913.81 d17.13
MinimumVisualStudioVersion = 10.0.40219.1
Project("{FAE04EC0-301F-11D3-BF4B-00C04F79EFBC}") = "2-Sulgudega kalkulaator", "2-Sulgudega kalkulaator.csproj", "{77770015-1C20-4DAF-9272-969CA596C468}"
EndProject
Global
	GlobalSection(SolutionConfigurationPlatforms) = preSolution
		Debug|Any CPU = Debug|Any CPU
		Release|Any CPU = Release|Any CPU
	EndGlobalSection
	GlobalSection(ProjectConfigurationPlatforms) = postSolution
		{77770015-1C20-4DAF-9272-969CA596C468}.Debug|Any CPU.ActiveCfg = Debug|Any CPU
		{77770015-1C20-4DAF-9272-969CA596C468}.Debug|Any CPU.Build.0 = Debug|Any CPU
		{77770015-1C20-4DAF-9272-969CA596C468}.Release|Any CPU.ActiveCfg = Release|Any CPU
		{77770015-1C20-4DAF-9272-969CA596C468}.Release|Any CPU.Build.0 = Release|Any CPU
	EndGlobalSection
	GlobalSection(SolutionProperties) = preSolution
		HideSolutionNode = FALSE
	EndGlobalSection
	GlobalSection(ExtensibilityGlobals) = postSolution
		SolutionGuid = {09081570-37DE-4E02-9E50-FF6968BF3545}
	EndGlobalSection
EndGlobal
