
Microsoft Visual Studio Solution File, Format Version 12.00
# Visual Studio Version 17
VisualStudioVersion = 17.13.35913.81 d17.13
MinimumVisualStudioVersion = 10.0.40219.1
Project("{FAE04EC0-301F-11D3-BF4B-00C04F79EFBC}") = "Adventure", "Adventure.csproj", "{06455F34-3F8F-490A-81D3-58F9375694E7}"
EndProject
Global
	GlobalSection(SolutionConfigurationPlatforms) = preSolution
		Debug|Any CPU = Debug|Any CPU
		Release|Any CPU = Release|Any CPU
	EndGlobalSection
	GlobalSection(ProjectConfigurationPlatforms) = postSolution
		{06455F34-3F8F-490A-81D3-58F9375694E7}.Debug|Any CPU.ActiveCfg = Debug|Any CPU
		{06455F34-3F8F-490A-81D3-58F9375694E7}.Debug|Any CPU.Build.0 = Debug|Any CPU
		{06455F34-3F8F-490A-81D3-58F9375694E7}.Release|Any CPU.ActiveCfg = Release|Any CPU
		{06455F34-3F8F-490A-81D3-58F9375694E7}.Release|Any CPU.Build.0 = Release|Any CPU
	EndGlobalSection
	GlobalSection(SolutionProperties) = preSolution
		HideSolutionNode = FALSE
	EndGlobalSection
	GlobalSection(ExtensibilityGlobals) = postSolution
		SolutionGuid = {F3B2F92D-04AD-41F5-8FAC-1EB06C38B513}
	EndGlobalSection
EndGlobal
